
Microsoft Visual Studio Solution File, Format Version 12.00
# Visual Studio Version 17
VisualStudioVersion = 17.11.35312.102
MinimumVisualStudioVersion = 10.0.40219.1
Project("{FAE04EC0-301F-11D3-BF4B-00C04F79EFBC}") = "MVC", "MVC\MVC.csproj", "{B17F5AA1-BF67-4E95-9E21-CE05FC7BFD78}"
EndProject
Project("{FAE04EC0-301F-11D3-BF4B-00C04F79EFBC}") = "BLL", "BLL\BLL.csproj", "{A0A702C4-1A93-4A53-9215-3E79DD4BA695}"
EndProject
Global
	GlobalSection(SolutionConfigurationPlatforms) = preSolution
		Debug|Any CPU = Debug|Any CPU
		Release|Any CPU = Release|Any CPU
	EndGlobalSection
	GlobalSection(ProjectConfigurationPlatforms) = postSolution
		{B17F5AA1-BF67-4E95-9E21-CE05FC7BFD78}.Debug|Any CPU.ActiveCfg = Debug|Any CPU
		{B17F5AA1-BF67-4E95-9E21-CE05FC7BFD78}.Debug|Any CPU.Build.0 = Debug|Any CPU
		{B17F5AA1-BF67-4E95-9E21-CE05FC7BFD78}.Release|Any CPU.ActiveCfg = Release|Any CPU
		{B17F5AA1-BF67-4E95-9E21-CE05FC7BFD78}.Release|Any CPU.Build.0 = Release|Any CPU
		{A0A702C4-1A93-4A53-9215-3E79DD4BA695}.Debug|Any CPU.ActiveCfg = Debug|Any CPU
		{A0A702C4-1A93-4A53-9215-3E79DD4BA695}.Debug|Any CPU.Build.0 = Debug|Any CPU
		{A0A702C4-1A93-4A53-9215-3E79DD4BA695}.Release|Any CPU.ActiveCfg = Release|Any CPU
		{A0A702C4-1A93-4A53-9215-3E79DD4BA695}.Release|Any CPU.Build.0 = Release|Any CPU
	EndGlobalSection
	GlobalSection(SolutionProperties) = preSolution
		HideSolutionNode = FALSE
	EndGlobalSection
	GlobalSection(ExtensibilityGlobals) = postSolution
		SolutionGuid = {13D36856-0528-4AC4-BEE7-5BF18685479F}
	EndGlobalSection
EndGlobal
